
Microsoft Visual Studio Solution File, Format Version 12.00
# Visual Studio Version 17
VisualStudioVersion = 17.8.34309.116
MinimumVisualStudioVersion = 10.0.40219.1
Project("{FAE04EC0-301F-11D3-BF4B-00C04F79EFBC}") = "Library.Web", "Library.Web\Library.Web.csproj", "{417288B5-3BF8-46AF-AC04-58B5D58ED5F2}"
EndProject
Project("{FAE04EC0-301F-11D3-BF4B-00C04F79EFBC}") = "Library.DataAccess", "Library.DataAccess\Library.DataAccess.csproj", "{4EE3FC0B-A779-490E-8E25-32276CCE7828}"
EndProject
Project("{FAE04EC0-301F-11D3-BF4B-00C04F79EFBC}") = "Library.Business", "Libarary.Business\Library.Business.csproj", "{74B4215E-5898-4422-8277-3F15C098B326}"
EndProject
Global
	GlobalSection(SolutionConfigurationPlatforms) = preSolution
		Debug|Any CPU = Debug|Any CPU
		Release|Any CPU = Release|Any CPU
	EndGlobalSection
	GlobalSection(ProjectConfigurationPlatforms) = postSolution
		{417288B5-3BF8-46AF-AC04-58B5D58ED5F2}.Debug|Any CPU.ActiveCfg = Debug|Any CPU
		{417288B5-3BF8-46AF-AC04-58B5D58ED5F2}.Debug|Any CPU.Build.0 = Debug|Any CPU
		{417288B5-3BF8-46AF-AC04-58B5D58ED5F2}.Release|Any CPU.ActiveCfg = Release|Any CPU
		{417288B5-3BF8-46AF-AC04-58B5D58ED5F2}.Release|Any CPU.Build.0 = Release|Any CPU
		{4EE3FC0B-A779-490E-8E25-32276CCE7828}.Debug|Any CPU.ActiveCfg = Debug|Any CPU
		{4EE3FC0B-A779-490E-8E25-32276CCE7828}.Debug|Any CPU.Build.0 = Debug|Any CPU
		{4EE3FC0B-A779-490E-8E25-32276CCE7828}.Release|Any CPU.ActiveCfg = Release|Any CPU
		{4EE3FC0B-A779-490E-8E25-32276CCE7828}.Release|Any CPU.Build.0 = Release|Any CPU
		{74B4215E-5898-4422-8277-3F15C098B326}.Debug|Any CPU.ActiveCfg = Debug|Any CPU
		{74B4215E-5898-4422-8277-3F15C098B326}.Debug|Any CPU.Build.0 = Debug|Any CPU
		{74B4215E-5898-4422-8277-3F15C098B326}.Release|Any CPU.ActiveCfg = Release|Any CPU
		{74B4215E-5898-4422-8277-3F15C098B326}.Release|Any CPU.Build.0 = Release|Any CPU
	EndGlobalSection
	GlobalSection(SolutionProperties) = preSolution
		HideSolutionNode = FALSE
	EndGlobalSection
	GlobalSection(ExtensibilityGlobals) = postSolution
		SolutionGuid = {2224D5B4-48DE-4FE6-910C-9335C576AAFC}
	EndGlobalSection
EndGlobal
