
Microsoft Visual Studio Solution File, Format Version 12.00
# Visual Studio Version 17
VisualStudioVersion = 17.8.34309.116
MinimumVisualStudioVersion = 10.0.40219.1
Project("{FAE04EC0-301F-11D3-BF4B-00C04F79EFBC}") = "Classes", "Classes\Classes.csproj", "{EB9B38E7-F460-48DF-97A5-5C8C41E02D4D}"
EndProject
Project("{FAE04EC0-301F-11D3-BF4B-00C04F79EFBC}") = "LibraryUI", "LibraryUI\LibraryUI.csproj", "{F4C5F47A-C364-44FC-81D8-C9C1FF88991D}"
EndProject
Project("{2150E333-8FDC-42A3-9474-1A3956D46DE8}") = "SQLCode", "SQLCode", "{4F5D5575-C68C-4D35-9C64-A49768A49765}"
EndProject
Global
	GlobalSection(SolutionConfigurationPlatforms) = preSolution
		Debug|Any CPU = Debug|Any CPU
		Release|Any CPU = Release|Any CPU
	EndGlobalSection
	GlobalSection(ProjectConfigurationPlatforms) = postSolution
		{EB9B38E7-F460-48DF-97A5-5C8C41E02D4D}.Debug|Any CPU.ActiveCfg = Debug|Any CPU
		{EB9B38E7-F460-48DF-97A5-5C8C41E02D4D}.Debug|Any CPU.Build.0 = Debug|Any CPU
		{EB9B38E7-F460-48DF-97A5-5C8C41E02D4D}.Release|Any CPU.ActiveCfg = Release|Any CPU
		{EB9B38E7-F460-48DF-97A5-5C8C41E02D4D}.Release|Any CPU.Build.0 = Release|Any CPU
		{F4C5F47A-C364-44FC-81D8-C9C1FF88991D}.Debug|Any CPU.ActiveCfg = Debug|Any CPU
		{F4C5F47A-C364-44FC-81D8-C9C1FF88991D}.Debug|Any CPU.Build.0 = Debug|Any CPU
		{F4C5F47A-C364-44FC-81D8-C9C1FF88991D}.Release|Any CPU.ActiveCfg = Release|Any CPU
		{F4C5F47A-C364-44FC-81D8-C9C1FF88991D}.Release|Any CPU.Build.0 = Release|Any CPU
	EndGlobalSection
	GlobalSection(SolutionProperties) = preSolution
		HideSolutionNode = FALSE
	EndGlobalSection
	GlobalSection(ExtensibilityGlobals) = postSolution
		SolutionGuid = {2224D5B4-48DE-4FE6-910C-9335C576AAFC}
	EndGlobalSection
EndGlobal
